
Microsoft Visual Studio Solution File, Format Version 12.00
Project("{FAE04EC0-301F-11D3-BF4B-00C04F79EFBC}") = "SWE_Consumer1", "SWE_Consumer1\SWE_Consumer1.csproj", "{5BADD89E-4975-413B-B5F7-C1511D66498B}"
EndProject
Project("{FAE04EC0-301F-11D3-BF4B-00C04F79EFBC}") = "SWE_Consumer1Tests", "SWE_Consumer1Tests\SWE_Consumer1Tests.csproj", "{2833E332-2A3A-44D1-96A3-2C05FAD1425E}"
EndProject
Global
	GlobalSection(SolutionConfigurationPlatforms) = preSolution
		Debug|Any CPU = Debug|Any CPU
		Release|Any CPU = Release|Any CPU
	EndGlobalSection
	GlobalSection(ProjectConfigurationPlatforms) = postSolution
		{5BADD89E-4975-413B-B5F7-C1511D66498B}.Debug|Any CPU.ActiveCfg = Debug|Any CPU
		{5BADD89E-4975-413B-B5F7-C1511D66498B}.Debug|Any CPU.Build.0 = Debug|Any CPU
		{5BADD89E-4975-413B-B5F7-C1511D66498B}.Release|Any CPU.ActiveCfg = Release|Any CPU
		{5BADD89E-4975-413B-B5F7-C1511D66498B}.Release|Any CPU.Build.0 = Release|Any CPU
		{2833E332-2A3A-44D1-96A3-2C05FAD1425E}.Debug|Any CPU.ActiveCfg = Debug|Any CPU
		{2833E332-2A3A-44D1-96A3-2C05FAD1425E}.Debug|Any CPU.Build.0 = Debug|Any CPU
		{2833E332-2A3A-44D1-96A3-2C05FAD1425E}.Release|Any CPU.ActiveCfg = Release|Any CPU
		{2833E332-2A3A-44D1-96A3-2C05FAD1425E}.Release|Any CPU.Build.0 = Release|Any CPU
	EndGlobalSection
EndGlobal
