
Microsoft Visual Studio Solution File, Format Version 12.00
Project("{FAE04EC0-301F-11D3-BF4B-00C04F79EFBC}") = "SWE_Dependencies_Provider", "SWE_Dependencies_Provider\SWE_Dependencies_Provider.csproj", "{A7DB95CD-FCE2-440A-A646-1C316EED326E}"
EndProject
Project("{FAE04EC0-301F-11D3-BF4B-00C04F79EFBC}") = "Common", "Common\Common.csproj", "{A5516CC5-C8E9-47B4-8160-1FD44700076F}"
EndProject
Project("{FAE04EC0-301F-11D3-BF4B-00C04F79EFBC}") = "DataAccessLayer", "DataAccessLayer\DataAccessLayer.csproj", "{CE377EDC-AA49-4759-B66A-0FE69150B8CB}"
EndProject
Project("{FAE04EC0-301F-11D3-BF4B-00C04F79EFBC}") = "BusinessLogicLayer", "BusinessLogicLayer\BusinessLogicLayer.csproj", "{6618E8EA-3494-4798-9DD7-2ADE72E8EAFF}"
EndProject
Global
	GlobalSection(SolutionConfigurationPlatforms) = preSolution
		Debug|Any CPU = Debug|Any CPU
		Release|Any CPU = Release|Any CPU
	EndGlobalSection
	GlobalSection(ProjectConfigurationPlatforms) = postSolution
		{A7DB95CD-FCE2-440A-A646-1C316EED326E}.Debug|Any CPU.ActiveCfg = Debug|Any CPU
		{A7DB95CD-FCE2-440A-A646-1C316EED326E}.Debug|Any CPU.Build.0 = Debug|Any CPU
		{A7DB95CD-FCE2-440A-A646-1C316EED326E}.Release|Any CPU.ActiveCfg = Release|Any CPU
		{A7DB95CD-FCE2-440A-A646-1C316EED326E}.Release|Any CPU.Build.0 = Release|Any CPU
		{A5516CC5-C8E9-47B4-8160-1FD44700076F}.Debug|Any CPU.ActiveCfg = Debug|Any CPU
		{A5516CC5-C8E9-47B4-8160-1FD44700076F}.Debug|Any CPU.Build.0 = Debug|Any CPU
		{A5516CC5-C8E9-47B4-8160-1FD44700076F}.Release|Any CPU.ActiveCfg = Release|Any CPU
		{A5516CC5-C8E9-47B4-8160-1FD44700076F}.Release|Any CPU.Build.0 = Release|Any CPU
		{CE377EDC-AA49-4759-B66A-0FE69150B8CB}.Debug|Any CPU.ActiveCfg = Debug|Any CPU
		{CE377EDC-AA49-4759-B66A-0FE69150B8CB}.Debug|Any CPU.Build.0 = Debug|Any CPU
		{CE377EDC-AA49-4759-B66A-0FE69150B8CB}.Release|Any CPU.ActiveCfg = Release|Any CPU
		{CE377EDC-AA49-4759-B66A-0FE69150B8CB}.Release|Any CPU.Build.0 = Release|Any CPU
		{6618E8EA-3494-4798-9DD7-2ADE72E8EAFF}.Debug|Any CPU.ActiveCfg = Debug|Any CPU
		{6618E8EA-3494-4798-9DD7-2ADE72E8EAFF}.Debug|Any CPU.Build.0 = Debug|Any CPU
		{6618E8EA-3494-4798-9DD7-2ADE72E8EAFF}.Release|Any CPU.ActiveCfg = Release|Any CPU
		{6618E8EA-3494-4798-9DD7-2ADE72E8EAFF}.Release|Any CPU.Build.0 = Release|Any CPU
	EndGlobalSection
EndGlobal
